
Microsoft Visual Studio Solution File, Format Version 12.00
# Visual Studio Version 16
VisualStudioVersion = 16.0.30413.136
MinimumVisualStudioVersion = 10.0.40219.1
Project("{FAE04EC0-301F-11D3-BF4B-00C04F79EFBC}") = "ActividadUT3_2_Layout_8", "ActividadUT3_2_Layout_8\ActividadUT3_2_Layout_8.csproj", "{037135B7-8F15-4FF8-9125-8EBD3021DCF6}"
EndProject
Global
	GlobalSection(SolutionConfigurationPlatforms) = preSolution
		Debug|Any CPU = Debug|Any CPU
		Release|Any CPU = Release|Any CPU
	EndGlobalSection
	GlobalSection(ProjectConfigurationPlatforms) = postSolution
		{037135B7-8F15-4FF8-9125-8EBD3021DCF6}.Debug|Any CPU.ActiveCfg = Debug|Any CPU
		{037135B7-8F15-4FF8-9125-8EBD3021DCF6}.Debug|Any CPU.Build.0 = Debug|Any CPU
		{037135B7-8F15-4FF8-9125-8EBD3021DCF6}.Release|Any CPU.ActiveCfg = Release|Any CPU
		{037135B7-8F15-4FF8-9125-8EBD3021DCF6}.Release|Any CPU.Build.0 = Release|Any CPU
	EndGlobalSection
	GlobalSection(SolutionProperties) = preSolution
		HideSolutionNode = FALSE
	EndGlobalSection
	GlobalSection(ExtensibilityGlobals) = postSolution
		SolutionGuid = {E22D3603-4AA2-4099-9A7C-5662F1E38993}
	EndGlobalSection
EndGlobal
